Microsoft Visual Studio Solution File, Format Version 12.00
# Visual Studio 2012
Project("{FAE04EC0-301F-11D3-BF4B-00C04F79EFBC}") = "ChangeLetter", "ChangeLetter\ChangeLetter.csproj", "{4A1B06E4-6127-48A4-A764-B32459DEA1DD}"
	ProjectSection(ProjectDependencies) = postProject
		{FE156E96-CA72-4BA8-9574-EA8E6B4CA3B7} = {FE156E96-CA72-4BA8-9574-EA8E6B4CA3B7}
	EndProjectSection
EndProject
Project("{FAE04EC0-301F-11D3-BF4B-00C04F79EFBC}") = "ChangeLetter-Executor", "ChangeLetter-Executor\ChangeLetter-Executor.csproj", "{FE156E96-CA72-4BA8-9574-EA8E6B4CA3B7}"
EndProject
Global
	GlobalSection(SolutionConfigurationPlatforms) = preSolution
		Debug|Any CPU = Debug|Any CPU
		Release|Any CPU = Release|Any CPU
	EndGlobalSection
	GlobalSection(ProjectConfigurationPlatforms) = postSolution
		{4A1B06E4-6127-48A4-A764-B32459DEA1DD}.Debug|Any CPU.ActiveCfg = Debug|Any CPU
		{4A1B06E4-6127-48A4-A764-B32459DEA1DD}.Debug|Any CPU.Build.0 = Debug|Any CPU
		{4A1B06E4-6127-48A4-A764-B32459DEA1DD}.Release|Any CPU.ActiveCfg = Release|Any CPU
		{4A1B06E4-6127-48A4-A764-B32459DEA1DD}.Release|Any CPU.Build.0 = Release|Any CPU
		{FE156E96-CA72-4BA8-9574-EA8E6B4CA3B7}.Debug|Any CPU.ActiveCfg = Debug|Any CPU
		{FE156E96-CA72-4BA8-9574-EA8E6B4CA3B7}.Debug|Any CPU.Build.0 = Debug|Any CPU
		{FE156E96-CA72-4BA8-9574-EA8E6B4CA3B7}.Release|Any CPU.ActiveCfg = Release|Any CPU
		{FE156E96-CA72-4BA8-9574-EA8E6B4CA3B7}.Release|Any CPU.Build.0 = Release|Any CPU
	EndGlobalSection
	GlobalSection(SolutionProperties) = preSolution
		HideSolutionNode = FALSE
	EndGlobalSection
EndGlobal
